
Microsoft Visual Studio Solution File, Format Version 12.00
# Visual Studio Version 16
VisualStudioVersion = 16.0.32228.343
MinimumVisualStudioVersion = 10.0.40219.1
Project("{159641D6-6404-4A2A-AE62-294DE0FE8301}") = "MovieRental", "MovieRental\MovieRental.dtproj", "{C57C2AD1-E9BF-40C7-9674-A9E3B6C4FCD2}"
EndProject
Global
	GlobalSection(SolutionConfigurationPlatforms) = preSolution
		Development|Default = Development|Default
	EndGlobalSection
	GlobalSection(ProjectConfigurationPlatforms) = postSolution
		{C57C2AD1-E9BF-40C7-9674-A9E3B6C4FCD2}.Development|Default.ActiveCfg = Development
		{C57C2AD1-E9BF-40C7-9674-A9E3B6C4FCD2}.Development|Default.Build.0 = Development
	EndGlobalSection
	GlobalSection(SolutionProperties) = preSolution
		HideSolutionNode = FALSE
	EndGlobalSection
	GlobalSection(ExtensibilityGlobals) = postSolution
		SolutionGuid = {D7954E44-6637-4194-9CD1-EA4113056A68}
	EndGlobalSection
EndGlobal
